
Microsoft Visual Studio Solution File, Format Version 12.00
# Visual Studio Version 17
VisualStudioVersion = 17.12.35707.178
MinimumVisualStudioVersion = 10.0.40219.1
Project("{FAE04EC0-301F-11D3-BF4B-00C04F79EFBC}") = "DemoConsoleApp", "DemoConsoleApp\DemoConsoleApp.csproj", "{5392703C-338A-43E0-ABE8-13140F80CF51}"
EndProject
Project("{FAE04EC0-301F-11D3-BF4B-00C04F79EFBC}") = "DemoHttpClient", "DemoHttpClient\DemoHttpClient.csproj", "{31D91BF8-00A1-4C06-8B10-7D9A6EB65FB9}"
EndProject
Project("{FAE04EC0-301F-11D3-BF4B-00C04F79EFBC}") = "DemoTask-01", "DemoTask-01\DemoTask-01.csproj", "{4CD6C0FD-981E-4C4C-AB22-0A8AB89F8651}"
EndProject
Project("{FAE04EC0-301F-11D3-BF4B-00C04F79EFBC}") = "DemoTask-02", "DemoTask-02\DemoTask-02.csproj", "{3845F9D9-F426-4F79-A88F-F8FBAD584226}"
EndProject
Project("{FAE04EC0-301F-11D3-BF4B-00C04F79EFBC}") = "DemoTask-03", "DemoTask-03\DemoTask-03.csproj", "{D2B60BC6-3404-4AB8-8147-9389D1107177}"
EndProject
Project("{FAE04EC0-301F-11D3-BF4B-00C04F79EFBC}") = "DemoTask-04", "DemoTask-04\DemoTask-04.csproj", "{36061664-F7FB-447C-A164-B7E6CD310B0E}"
EndProject
Project("{FAE04EC0-301F-11D3-BF4B-00C04F79EFBC}") = "DemoDNS", "DemoDNS\DemoDNS.csproj", "{607309B1-3528-4344-A218-B36D06D16A13}"
EndProject
Project("{FAE04EC0-301F-11D3-BF4B-00C04F79EFBC}") = "DemoServerApp", "DemoServerApp\DemoServerApp.csproj", "{2C2A70FA-537C-468C-9A72-4F45E9C1DBCB}"
EndProject
Project("{FAE04EC0-301F-11D3-BF4B-00C04F79EFBC}") = "DemoClientApp", "DemoClientApp\DemoClientApp.csproj", "{5668E2F1-78F4-43B7-86F1-67806134EB8A}"
EndProject
Project("{FAE04EC0-301F-11D3-BF4B-00C04F79EFBC}") = "DemoPLINQ01", "DemoPLINQ01\DemoPLINQ01.csproj", "{DA7A87DD-1D8C-40FD-A499-7E5FFA3421AD}"
EndProject
Project("{FAE04EC0-301F-11D3-BF4B-00C04F79EFBC}") = "DemoPLINQ02", "DemoPLINQ02\DemoPLINQ02.csproj", "{06037E12-576E-4ABB-8085-BCE9577FD9D5}"
EndProject
Project("{FAE04EC0-301F-11D3-BF4B-00C04F79EFBC}") = "DemoDemonstration-01", "DemoDemonstration\DemoDemonstration-01.csproj", "{4145D172-65F2-4B5F-9354-3C012B516577}"
EndProject
Project("{FAE04EC0-301F-11D3-BF4B-00C04F79EFBC}") = "DemoDemonstration -02", "DemoDemonstration -02\DemoDemonstration -02.csproj", "{FAAA8C56-0D66-4659-82AA-4118C8620AD0}"
EndProject
Project("{FAE04EC0-301F-11D3-BF4B-00C04F79EFBC}") = "DemoDemonstration - 03", "DemoDemonstration - 03\DemoDemonstration - 03.csproj", "{C1859C2E-7E78-4E99-BD6E-A6F2416A7530}"
EndProject
Project("{FAE04EC0-301F-11D3-BF4B-00C04F79EFBC}") = "OpenClosedPrincipleDemo", "OpenClosedPrincipleDemo\OpenClosedPrincipleDemo.csproj", "{0892DF3E-D9DE-47F6-8644-3AE3412189A9}"
EndProject
Project("{FAE04EC0-301F-11D3-BF4B-00C04F79EFBC}") = "ServiceCollectionDemo", "ServiceCollectionDemo\ServiceCollectionDemo.csproj", "{7264B27E-4837-4A63-8F1D-D68F841DC766}"
EndProject
Project("{FAE04EC0-301F-11D3-BF4B-00C04F79EFBC}") = "MethodInjectionPatternDemo", "MethodInjectionPatternDemo\MethodInjectionPatternDemo.csproj", "{1F19407E-4E30-47C3-BC51-F9C7B37C18E7}"
EndProject
Project("{FAE04EC0-301F-11D3-BF4B-00C04F79EFBC}") = "MyStockApp", "MyStockApp\MyStockApp.csproj", "{363A1E59-7C10-4178-8FA0-5A04EC8A8253}"
EndProject
Global
	GlobalSection(SolutionConfigurationPlatforms) = preSolution
		Debug|Any CPU = Debug|Any CPU
		Release|Any CPU = Release|Any CPU
	EndGlobalSection
	GlobalSection(ProjectConfigurationPlatforms) = postSolution
		{5392703C-338A-43E0-ABE8-13140F80CF51}.Debug|Any CPU.ActiveCfg = Debug|Any CPU
		{5392703C-338A-43E0-ABE8-13140F80CF51}.Debug|Any CPU.Build.0 = Debug|Any CPU
		{5392703C-338A-43E0-ABE8-13140F80CF51}.Release|Any CPU.ActiveCfg = Release|Any CPU
		{5392703C-338A-43E0-ABE8-13140F80CF51}.Release|Any CPU.Build.0 = Release|Any CPU
		{31D91BF8-00A1-4C06-8B10-7D9A6EB65FB9}.Debug|Any CPU.ActiveCfg = Debug|Any CPU
		{31D91BF8-00A1-4C06-8B10-7D9A6EB65FB9}.Debug|Any CPU.Build.0 = Debug|Any CPU
		{31D91BF8-00A1-4C06-8B10-7D9A6EB65FB9}.Release|Any CPU.ActiveCfg = Release|Any CPU
		{31D91BF8-00A1-4C06-8B10-7D9A6EB65FB9}.Release|Any CPU.Build.0 = Release|Any CPU
		{4CD6C0FD-981E-4C4C-AB22-0A8AB89F8651}.Debug|Any CPU.ActiveCfg = Debug|Any CPU
		{4CD6C0FD-981E-4C4C-AB22-0A8AB89F8651}.Debug|Any CPU.Build.0 = Debug|Any CPU
		{4CD6C0FD-981E-4C4C-AB22-0A8AB89F8651}.Release|Any CPU.ActiveCfg = Release|Any CPU
		{4CD6C0FD-981E-4C4C-AB22-0A8AB89F8651}.Release|Any CPU.Build.0 = Release|Any CPU
		{3845F9D9-F426-4F79-A88F-F8FBAD584226}.Debug|Any CPU.ActiveCfg = Debug|Any CPU
		{3845F9D9-F426-4F79-A88F-F8FBAD584226}.Debug|Any CPU.Build.0 = Debug|Any CPU
		{3845F9D9-F426-4F79-A88F-F8FBAD584226}.Release|Any CPU.ActiveCfg = Release|Any CPU
		{3845F9D9-F426-4F79-A88F-F8FBAD584226}.Release|Any CPU.Build.0 = Release|Any CPU
		{D2B60BC6-3404-4AB8-8147-9389D1107177}.Debug|Any CPU.ActiveCfg = Debug|Any CPU
		{D2B60BC6-3404-4AB8-8147-9389D1107177}.Debug|Any CPU.Build.0 = Debug|Any CPU
		{D2B60BC6-3404-4AB8-8147-9389D1107177}.Release|Any CPU.ActiveCfg = Release|Any CPU
		{D2B60BC6-3404-4AB8-8147-9389D1107177}.Release|Any CPU.Build.0 = Release|Any CPU
		{36061664-F7FB-447C-A164-B7E6CD310B0E}.Debug|Any CPU.ActiveCfg = Debug|Any CPU
		{36061664-F7FB-447C-A164-B7E6CD310B0E}.Debug|Any CPU.Build.0 = Debug|Any CPU
		{36061664-F7FB-447C-A164-B7E6CD310B0E}.Release|Any CPU.ActiveCfg = Release|Any CPU
		{36061664-F7FB-447C-A164-B7E6CD310B0E}.Release|Any CPU.Build.0 = Release|Any CPU
		{607309B1-3528-4344-A218-B36D06D16A13}.Debug|Any CPU.ActiveCfg = Debug|Any CPU
		{607309B1-3528-4344-A218-B36D06D16A13}.Debug|Any CPU.Build.0 = Debug|Any CPU
		{607309B1-3528-4344-A218-B36D06D16A13}.Release|Any CPU.ActiveCfg = Release|Any CPU
		{607309B1-3528-4344-A218-B36D06D16A13}.Release|Any CPU.Build.0 = Release|Any CPU
		{2C2A70FA-537C-468C-9A72-4F45E9C1DBCB}.Debug|Any CPU.ActiveCfg = Debug|Any CPU
		{2C2A70FA-537C-468C-9A72-4F45E9C1DBCB}.Debug|Any CPU.Build.0 = Debug|Any CPU
		{2C2A70FA-537C-468C-9A72-4F45E9C1DBCB}.Release|Any CPU.ActiveCfg = Release|Any CPU
		{2C2A70FA-537C-468C-9A72-4F45E9C1DBCB}.Release|Any CPU.Build.0 = Release|Any CPU
		{5668E2F1-78F4-43B7-86F1-67806134EB8A}.Debug|Any CPU.ActiveCfg = Debug|Any CPU
		{5668E2F1-78F4-43B7-86F1-67806134EB8A}.Debug|Any CPU.Build.0 = Debug|Any CPU
		{5668E2F1-78F4-43B7-86F1-67806134EB8A}.Release|Any CPU.ActiveCfg = Release|Any CPU
		{5668E2F1-78F4-43B7-86F1-67806134EB8A}.Release|Any CPU.Build.0 = Release|Any CPU
		{DA7A87DD-1D8C-40FD-A499-7E5FFA3421AD}.Debug|Any CPU.ActiveCfg = Debug|Any CPU
		{DA7A87DD-1D8C-40FD-A499-7E5FFA3421AD}.Debug|Any CPU.Build.0 = Debug|Any CPU
		{DA7A87DD-1D8C-40FD-A499-7E5FFA3421AD}.Release|Any CPU.ActiveCfg = Release|Any CPU
		{DA7A87DD-1D8C-40FD-A499-7E5FFA3421AD}.Release|Any CPU.Build.0 = Release|Any CPU
		{06037E12-576E-4ABB-8085-BCE9577FD9D5}.Debug|Any CPU.ActiveCfg = Debug|Any CPU
		{06037E12-576E-4ABB-8085-BCE9577FD9D5}.Debug|Any CPU.Build.0 = Debug|Any CPU
		{06037E12-576E-4ABB-8085-BCE9577FD9D5}.Release|Any CPU.ActiveCfg = Release|Any CPU
		{06037E12-576E-4ABB-8085-BCE9577FD9D5}.Release|Any CPU.Build.0 = Release|Any CPU
		{4145D172-65F2-4B5F-9354-3C012B516577}.Debug|Any CPU.ActiveCfg = Debug|Any CPU
		{4145D172-65F2-4B5F-9354-3C012B516577}.Debug|Any CPU.Build.0 = Debug|Any CPU
		{4145D172-65F2-4B5F-9354-3C012B516577}.Release|Any CPU.ActiveCfg = Release|Any CPU
		{4145D172-65F2-4B5F-9354-3C012B516577}.Release|Any CPU.Build.0 = Release|Any CPU
		{FAAA8C56-0D66-4659-82AA-4118C8620AD0}.Debug|Any CPU.ActiveCfg = Debug|Any CPU
		{FAAA8C56-0D66-4659-82AA-4118C8620AD0}.Debug|Any CPU.Build.0 = Debug|Any CPU
		{FAAA8C56-0D66-4659-82AA-4118C8620AD0}.Release|Any CPU.ActiveCfg = Release|Any CPU
		{FAAA8C56-0D66-4659-82AA-4118C8620AD0}.Release|Any CPU.Build.0 = Release|Any CPU
		{C1859C2E-7E78-4E99-BD6E-A6F2416A7530}.Debug|Any CPU.ActiveCfg = Debug|Any CPU
		{C1859C2E-7E78-4E99-BD6E-A6F2416A7530}.Debug|Any CPU.Build.0 = Debug|Any CPU
		{C1859C2E-7E78-4E99-BD6E-A6F2416A7530}.Release|Any CPU.ActiveCfg = Release|Any CPU
		{C1859C2E-7E78-4E99-BD6E-A6F2416A7530}.Release|Any CPU.Build.0 = Release|Any CPU
		{0892DF3E-D9DE-47F6-8644-3AE3412189A9}.Debug|Any CPU.ActiveCfg = Debug|Any CPU
		{0892DF3E-D9DE-47F6-8644-3AE3412189A9}.Debug|Any CPU.Build.0 = Debug|Any CPU
		{0892DF3E-D9DE-47F6-8644-3AE3412189A9}.Release|Any CPU.ActiveCfg = Release|Any CPU
		{0892DF3E-D9DE-47F6-8644-3AE3412189A9}.Release|Any CPU.Build.0 = Release|Any CPU
		{7264B27E-4837-4A63-8F1D-D68F841DC766}.Debug|Any CPU.ActiveCfg = Debug|Any CPU
		{7264B27E-4837-4A63-8F1D-D68F841DC766}.Debug|Any CPU.Build.0 = Debug|Any CPU
		{7264B27E-4837-4A63-8F1D-D68F841DC766}.Release|Any CPU.ActiveCfg = Release|Any CPU
		{7264B27E-4837-4A63-8F1D-D68F841DC766}.Release|Any CPU.Build.0 = Release|Any CPU
		{1F19407E-4E30-47C3-BC51-F9C7B37C18E7}.Debug|Any CPU.ActiveCfg = Debug|Any CPU
		{1F19407E-4E30-47C3-BC51-F9C7B37C18E7}.Debug|Any CPU.Build.0 = Debug|Any CPU
		{1F19407E-4E30-47C3-BC51-F9C7B37C18E7}.Release|Any CPU.ActiveCfg = Release|Any CPU
		{1F19407E-4E30-47C3-BC51-F9C7B37C18E7}.Release|Any CPU.Build.0 = Release|Any CPU
		{363A1E59-7C10-4178-8FA0-5A04EC8A8253}.Debug|Any CPU.ActiveCfg = Debug|Any CPU
		{363A1E59-7C10-4178-8FA0-5A04EC8A8253}.Debug|Any CPU.Build.0 = Debug|Any CPU
		{363A1E59-7C10-4178-8FA0-5A04EC8A8253}.Release|Any CPU.ActiveCfg = Release|Any CPU
		{363A1E59-7C10-4178-8FA0-5A04EC8A8253}.Release|Any CPU.Build.0 = Release|Any CPU
	EndGlobalSection
	GlobalSection(SolutionProperties) = preSolution
		HideSolutionNode = FALSE
	EndGlobalSection
EndGlobal
